
Microsoft Visual Studio Solution File, Format Version 11.00
# Visual Studio 2010
Project("{6989167D-11E4-40FE-8C1A-2192A86A7E90}") = "sdm2011", "sdm2011.vfproj", "{5F8D4466-3FA9-45D9-9DB8-B56ABC6FEA47}"
EndProject
Global
	GlobalSection(SolutionConfigurationPlatforms) = preSolution
		Debug|Win32 = Debug|Win32
		Release|Win32 = Release|Win32
	EndGlobalSection
	GlobalSection(ProjectConfigurationPlatforms) = postSolution
		{5F8D4466-3FA9-45D9-9DB8-B56ABC6FEA47}.Debug|Win32.ActiveCfg = Debug|Win32
		{5F8D4466-3FA9-45D9-9DB8-B56ABC6FEA47}.Debug|Win32.Build.0 = Debug|Win32
		{5F8D4466-3FA9-45D9-9DB8-B56ABC6FEA47}.Release|Win32.ActiveCfg = Release|Win32
		{5F8D4466-3FA9-45D9-9DB8-B56ABC6FEA47}.Release|Win32.Build.0 = Release|Win32
	EndGlobalSection
	GlobalSection(SolutionProperties) = preSolution
		HideSolutionNode = FALSE
	EndGlobalSection
EndGlobal
